{
  "version": 4,
  "terraform_version": "1.14.2",
  "serial": 8,
  "lineage": "1d15d0df-95d0-f641-83b0-6533ddcb89c0",
  "outputs": {},
  "resources": [
    {
      "mode": "managed",
      "type": "azurerm_application_gateway",
      "name": "res-3",
      "provider": "provider[\"registry.terraform.io/hashicorp/azurerm\"]",
      "instances": [
        {
          "schema_version": 0,
          "attributes": {
            "authentication_certificate": [],
            "autoscale_configuration": [],
            "backend_address_pool": [
              {
                "fqdns": [],
                "id": "/subscriptions/6f81ef09-202c-4e6b-9f7c-1fff436c0fbf/resourceGroups/015124-coder-gwc-dev-rg/providers/Microsoft.Network/applicationGateways/015124-coder-gwc-dev-appgw/backendAddressPools/defaultaddresspool",
                "ip_addresses": [],
                "name": "defaultaddresspool"
              }
            ],
            "backend_http_settings": [
              {
                "affinity_cookie_name": "",
                "authentication_certificate": [],
                "connection_draining": [],
                "cookie_based_affinity": "Disabled",
                "host_name": "",
                "id": "/subscriptions/6f81ef09-202c-4e6b-9f7c-1fff436c0fbf/resourceGroups/015124-coder-gwc-dev-rg/providers/Microsoft.Network/applicationGateways/015124-coder-gwc-dev-appgw/backendHttpSettingsCollection/defaulthttpsetting",
                "name": "defaulthttpsetting",
                "path": "",
                "pick_host_name_from_backend_address": false,
                "port": 80,
                "probe_id": "/subscriptions/6f81ef09-202c-4e6b-9f7c-1fff436c0fbf/resourceGroups/015124-coder-gwc-dev-rg/providers/Microsoft.Network/applicationGateways/015124-coder-gwc-dev-appgw/probes/defaultprobe-Http",
                "probe_name": "defaultprobe-Http",
                "protocol": "Http",
                "request_timeout": 30,
                "trusted_root_certificate_names": []
              }
            ],
            "custom_error_configuration": [],
            "enable_http2": false,
            "fips_enabled": false,
            "firewall_policy_id": "",
            "force_firewall_policy_association": false,
            "frontend_ip_configuration": [
              {
                "id": "/subscriptions/6f81ef09-202c-4e6b-9f7c-1fff436c0fbf/resourceGroups/015124-coder-gwc-dev-rg/providers/Microsoft.Network/applicationGateways/015124-coder-gwc-dev-appgw/frontendIPConfigurations/appGatewayFrontendIP",
                "name": "appGatewayFrontendIP",
                "private_ip_address": "",
                "private_ip_address_allocation": "Dynamic",
                "private_link_configuration_id": "",
                "private_link_configuration_name": "",
                "public_ip_address_id": "/subscriptions/6f81ef09-202c-4e6b-9f7c-1fff436c0fbf/resourceGroups/015124-coder-gwc-dev-rg/providers/Microsoft.Network/publicIPAddresses/015124-coder-gwc-dev-ip",
                "subnet_id": ""
              }
            ],
            "frontend_port": [
              {
                "id": "/subscriptions/6f81ef09-202c-4e6b-9f7c-1fff436c0fbf/resourceGroups/015124-coder-gwc-dev-rg/providers/Microsoft.Network/applicationGateways/015124-coder-gwc-dev-appgw/frontendPorts/appGatewayFrontendPort",
                "name": "appGatewayFrontendPort",
                "port": 80
              }
            ],
            "gateway_ip_configuration": [
              {
                "id": "/subscriptions/6f81ef09-202c-4e6b-9f7c-1fff436c0fbf/resourceGroups/015124-coder-gwc-dev-rg/providers/Microsoft.Network/applicationGateways/015124-coder-gwc-dev-appgw/gatewayIPConfigurations/appGatewayFrontendIP",
                "name": "appGatewayFrontendIP",
                "subnet_id": "/subscriptions/6f81ef09-202c-4e6b-9f7c-1fff436c0fbf/resourceGroups/015124-coder-gwc-dev-rg/providers/Microsoft.Network/virtualNetworks/015124-coder-gwc-dev-vnet/subnets/015124-coder-gwc-dev-subnet"
              }
            ],
            "global": [],
            "http_listener": [
              {
                "custom_error_configuration": [],
                "firewall_policy_id": "",
                "frontend_ip_configuration_id": "/subscriptions/6f81ef09-202c-4e6b-9f7c-1fff436c0fbf/resourceGroups/015124-coder-gwc-dev-rg/providers/Microsoft.Network/applicationGateways/015124-coder-gwc-dev-appgw/frontendIPConfigurations/appGatewayFrontendIP",
                "frontend_ip_configuration_name": "appGatewayFrontendIP",
                "frontend_port_id": "/subscriptions/6f81ef09-202c-4e6b-9f7c-1fff436c0fbf/resourceGroups/015124-coder-gwc-dev-rg/providers/Microsoft.Network/applicationGateways/015124-coder-gwc-dev-appgw/frontendPorts/appGatewayFrontendPort",
                "frontend_port_name": "appGatewayFrontendPort",
                "host_name": "",
                "host_names": [],
                "id": "/subscriptions/6f81ef09-202c-4e6b-9f7c-1fff436c0fbf/resourceGroups/015124-coder-gwc-dev-rg/providers/Microsoft.Network/applicationGateways/015124-coder-gwc-dev-appgw/httpListeners/fl-452c578b4f742bd7a3927c3caf2b604e",
                "name": "fl-452c578b4f742bd7a3927c3caf2b604e",
                "protocol": "Http",
                "require_sni": false,
                "ssl_certificate_id": "",
                "ssl_certificate_name": "",
                "ssl_profile_id": "",
                "ssl_profile_name": ""
              }
            ],
            "id": "/subscriptions/6f81ef09-202c-4e6b-9f7c-1fff436c0fbf/resourceGroups/015124-coder-gwc-dev-rg/providers/Microsoft.Network/applicationGateways/015124-coder-gwc-dev-appgw",
            "identity": [],
            "location": "germanywestcentral",
            "name": "015124-coder-gwc-dev-appgw",
            "private_endpoint_connection": [],
            "private_link_configuration": [],
            "probe": [
              {
                "host": "localhost",
                "id": "/subscriptions/6f81ef09-202c-4e6b-9f7c-1fff436c0fbf/resourceGroups/015124-coder-gwc-dev-rg/providers/Microsoft.Network/applicationGateways/015124-coder-gwc-dev-appgw/probes/defaultprobe-Http",
                "interval": 30,
                "match": [
                  {
                    "body": "",
                    "status_code": [
                      "200-399"
                    ]
                  }
                ],
                "minimum_servers": 0,
                "name": "defaultprobe-Http",
                "path": "/",
                "pick_host_name_from_backend_http_settings": false,
                "port": 0,
                "protocol": "Http",
                "timeout": 30,
                "unhealthy_threshold": 3
              }
            ],
            "redirect_configuration": [],
            "request_routing_rule": [
              {
                "backend_address_pool_id": "/subscriptions/6f81ef09-202c-4e6b-9f7c-1fff436c0fbf/resourceGroups/015124-coder-gwc-dev-rg/providers/Microsoft.Network/applicationGateways/015124-coder-gwc-dev-appgw/backendAddressPools/defaultaddresspool",
                "backend_address_pool_name": "defaultaddresspool",
                "backend_http_settings_id": "/subscriptions/6f81ef09-202c-4e6b-9f7c-1fff436c0fbf/resourceGroups/015124-coder-gwc-dev-rg/providers/Microsoft.Network/applicationGateways/015124-coder-gwc-dev-appgw/backendHttpSettingsCollection/defaulthttpsetting",
                "backend_http_settings_name": "defaulthttpsetting",
                "http_listener_id": "/subscriptions/6f81ef09-202c-4e6b-9f7c-1fff436c0fbf/resourceGroups/015124-coder-gwc-dev-rg/providers/Microsoft.Network/applicationGateways/015124-coder-gwc-dev-appgw/httpListeners/fl-452c578b4f742bd7a3927c3caf2b604e",
                "http_listener_name": "fl-452c578b4f742bd7a3927c3caf2b604e",
                "id": "/subscriptions/6f81ef09-202c-4e6b-9f7c-1fff436c0fbf/resourceGroups/015124-coder-gwc-dev-rg/providers/Microsoft.Network/applicationGateways/015124-coder-gwc-dev-appgw/requestRoutingRules/rr-452c578b4f742bd7a3927c3caf2b604e",
                "name": "rr-452c578b4f742bd7a3927c3caf2b604e",
                "priority": 19500,
                "redirect_configuration_id": "",
                "redirect_configuration_name": "",
                "rewrite_rule_set_id": "",
                "rewrite_rule_set_name": "",
                "rule_type": "Basic",
                "url_path_map_id": "",
                "url_path_map_name": ""
              }
            ],
            "resource_group_name": "015124-coder-gwc-dev-rg",
            "rewrite_rule_set": [],
            "sku": [
              {
                "capacity": 2,
                "name": "Standard_v2",
                "tier": "Standard_v2"
              }
            ],
            "ssl_certificate": [],
            "ssl_policy": [],
            "ssl_profile": [],
            "tags": {
              "ingress-for-aks-cluster-id": "/subscriptions/6f81ef09-202c-4e6b-9f7c-1fff436c0fbf/resourcegroups/015124-coder-gwc-dev-rg/providers/Microsoft.ContainerService/managedClusters/015124-coder-gwc-dev-aks",
              "managed-by-k8s-ingress": "1.8.1/05a0d9c7/2025-04-04-14:12T-0700"
            },
            "timeouts": null,
            "trusted_client_certificate": [],
            "trusted_root_certificate": [],
            "url_path_map": [],
            "waf_configuration": [],
            "zones": []
          },
          "sensitive_attributes": [],
          "identity_schema_version": 0,
          "private": "eyJlMmJmYjczMC1lY2FhLTExZTYtOGY4OC0zNDM2M2JjN2M0YzAiOnsiY3JlYXRlIjo1NDAwMDAwMDAwMDAwLCJkZWxldGUiOjU0MDAwMDAwMDAwMDAsInJlYWQiOjMwMDAwMDAwMDAwMCwidXBkYXRlIjo1NDAwMDAwMDAwMDAwfSwic2NoZW1hX3ZlcnNpb24iOiIwIn0="
        }
      ]
    },
    {
      "mode": "managed",
      "type": "azurerm_kubernetes_cluster",
      "name": "res-1",
      "provider": "provider[\"registry.terraform.io/hashicorp/azurerm\"]",
      "instances": [
        {
          "schema_version": 2,
          "attributes": {
            "aci_connector_linux": [],
            "api_server_access_profile": [],
            "auto_scaler_profile": [],
            "automatic_upgrade_channel": "",
            "azure_active_directory_role_based_access_control": [],
            "azure_policy_enabled": false,
            "confidential_computing": [],
            "cost_analysis_enabled": false,
            "current_kubernetes_version": "1.33.5",
            "default_node_pool": [
              {
                "auto_scaling_enabled": false,
                "capacity_reservation_group_id": "",
                "fips_enabled": false,
                "gpu_instance": "",
                "host_encryption_enabled": false,
                "host_group_id": "",
                "kubelet_config": [],
                "kubelet_disk_type": "OS",
                "linux_os_config": [],
                "max_count": 0,
                "max_pods": 30,
                "min_count": 0,
                "name": "nodepool1",
                "node_count": 3,
                "node_labels": {},
                "node_network_profile": [],
                "node_public_ip_enabled": false,
                "node_public_ip_prefix_id": "",
                "only_critical_addons_enabled": false,
                "orchestrator_version": "1.33",
                "os_disk_size_gb": 128,
                "os_disk_type": "Managed",
                "os_sku": "Ubuntu",
                "pod_subnet_id": "",
                "proximity_placement_group_id": "",
                "scale_down_mode": "Delete",
                "snapshot_id": "",
                "tags": {},
                "temporary_name_for_rotation": "",
                "type": "VirtualMachineScaleSets",
                "ultra_ssd_enabled": false,
                "upgrade_settings": [
                  {
                    "drain_timeout_in_minutes": 0,
                    "max_surge": "10%",
                    "node_soak_duration_in_minutes": 0
                  }
                ],
                "vm_size": "Standard_D2s_v3",
                "vnet_subnet_id": "",
                "workload_runtime": "OCIContainer",
                "zones": []
              }
            ],
            "disk_encryption_set_id": "",
            "dns_prefix": "a015124-co-015124-coder-gwc-6f81ef",
            "dns_prefix_private_cluster": "",
            "edge_zone": "",
            "fqdn": "a015124-co-015124-coder-gwc-6f81ef-ayrdmsph.hcp.germanywestcentral.azmk8s.io",
            "http_application_routing_enabled": false,
            "http_application_routing_zone_name": "",
            "http_proxy_config": [],
            "id": "/subscriptions/6f81ef09-202c-4e6b-9f7c-1fff436c0fbf/resourceGroups/015124-coder-gwc-dev-rg/providers/Microsoft.ContainerService/managedClusters/015124-coder-gwc-dev-aks",
            "identity": [
              {
                "identity_ids": [],
                "principal_id": "c9a8795f-93d1-41ac-bc82-d65c393e4ded",
                "tenant_id": "dd5870b5-d8d3-4e2b-9f70-2bd4856f935c",
                "type": "SystemAssigned"
              }
            ],
            "image_cleaner_enabled": null,
            "image_cleaner_interval_hours": null,
            "ingress_application_gateway": [
              {
                "effective_gateway_id": "/subscriptions/6f81ef09-202c-4e6b-9f7c-1fff436c0fbf/resourceGroups/015124-coder-gwc-dev-rg/providers/Microsoft.Network/applicationGateways/015124-coder-gwc-dev-appgw",
                "gateway_id": "/subscriptions/6f81ef09-202c-4e6b-9f7c-1fff436c0fbf/resourceGroups/015124-coder-gwc-dev-rg/providers/Microsoft.Network/applicationGateways/015124-coder-gwc-dev-appgw",
                "gateway_name": "",
                "ingress_application_gateway_identity": [
                  {
                    "client_id": "af635892-80fb-48d2-8765-3a59ac242367",
                    "object_id": "02f7ad17-c4eb-4132-9949-b148a62ae6ef",
                    "user_assigned_identity_id": "/subscriptions/6f81ef09-202c-4e6b-9f7c-1fff436c0fbf/resourcegroups/MC_015124-coder-gwc-dev-rg_015124-coder-gwc-dev-aks_germanywestcentral/providers/Microsoft.ManagedIdentity/userAssignedIdentities/ingressapplicationgateway-015124-coder-gwc-dev-aks"
                  }
                ],
                "subnet_cidr": "",
                "subnet_id": ""
              }
            ],
            "key_management_service": [],
            "key_vault_secrets_provider": [],
            "kube_admin_config": [],
            "kube_admin_config_raw": "",
            "kube_config": [
              {
                "client_certificate": "LS0tLS1CRUdJTiBDRVJUSUZJQ0FURS0tLS0tCk1JSUZIakNDQXdhZ0F3SUJBZ0lSQU9mWkRkYVltalFlTWgyREZzUG92MUF3RFFZSktvWklodmNOQVFFTEJRQXcKRFRFTE1Ba0dBMVVFQXhNQ1kyRXdIaGNOTWpVeE1qRTNNVEV6TXpVeldoY05NamN4TWpFM01URTBNelV6V2pBdwpNUmN3RlFZRFZRUUtFdzV6ZVhOMFpXMDZiV0Z6ZEdWeWN6RVZNQk1HQTFVRUF4TU1iV0Z6ZEdWeVkyeHBaVzUwCk1JSUNJakFOQmdrcWhraUc5dzBCQVFFRkFBT0NBZzhBTUlJQ0NnS0NBZ0VBOFQ2WTRIMEpsTVpmRXAwYjBtZ1IKQThIUzRPcjN0RTdvOFdmSjltL3RHUHlDUW5yZlcvWlJENDBjYndOMGFpejBKQ0cySnhHRW02Qy9xQkVwWnJuYgovd3JlUi9uTlV4QVhXWVNmajhRdTdIV0QxNHlhYW1BMEp0ZW5GMmpaazJ3ZGYzZmsvUDZ5K21TT0d1WFV0QXBTCk9SaGphUzNRYzdwSWRLaitQNTNmSTN6eWp5SFJyNTZ2SlFZcWdsZHJHMEVQRlJwYlh4M3dQaXJBZ0Rkc3hXMXkKbExSazU0U24wRG85ZVNhajBqbWpDamo5dkJTa0dadm5SeFVIU3huK2xlM25oODQvOTBjdzVEMzJvS1ZDYUtycgo3bzBWdElPelBic0p5YUJBUXhmNlJ4c2tYTXU5U3MrMjMzVUdZckFweDdqb2Y3ZTlaV3JuWXFObUJUZ3U1Tlh2CkxzZFplK2hyMnc5WkV5MkRrWG1uc2ttaU5ZLzFWc1Z3WHdRWS9IbW1ZL3NnckZzUGFaQVllR2lFZEZZczFFREQKQjN1bCtDemMzblVLUjJpTGVjdVVqMm5NVlpUdTZYNGJOSGsrTjVrR1BRaWh1bE5KQkk3djdNZWhJQzhRUWkzeQoxRnBLOVFXcG1JRzY1MjM4MVBxUWtORzJMVzVUeTZEeFlObWNSYzBBTGpmV1YvNmFwTlM0SzlnVVZnakdOcWt6Cnd4Qm5ENDRqbFBpSGF6alAwR0JWQ1l4NXFCQWtySkc5OFU0azkxNUZVc1l4cm93R1FaVEZzN2c4ZU96U0NHdFMKWnAzU25NMk5XR3h1UTczemVqRHprY29vZ0U5OFVoZ2IyS2pKK0F6aGorVzNUa21IaWM4UnpCUThpb2doRjByMQpVU3lqcXZsSU44czZSUWxkS0N4ZlNqTUNBd0VBQWFOV01GUXdEZ1lEVlIwUEFRSC9CQVFEQWdXZ01CTUdBMVVkCkpRUU1NQW9HQ0NzR0FRVUZCd01DTUF3R0ExVWRFd0VCL3dRQ01BQXdId1lEVlIwakJCZ3dGb0FVeStNOFZtR3AKTWlRa1g5UXpNY2tvK003NWxPZ3dEUVlKS29aSWh2Y05BUUVMQlFBRGdnSUJBRHV0d3BicDFPd0pOZld1SmROaQpzV0pDWWhTMVFxTlRLWEcxTk5CNXFVS1Z0YkoweVlVNTVvdlJJUW9FZkNTdzlxbTlEWXFnN080em9oRUs4UmZnCklpT0QyZm54VkFHNVpCNTJDWXA0VjNiUURPdlExbTZLUTNPMTg3MjRTYTZTWDBDcmRIbXBncmp5UVo4NUpaaXAKOGtwRmdOa0JXcWx3OGltV1lRUlFiaUxBcjliQklWeElYS1F6aHY5V2hYL1IzTGpqWWdaV3FCNVhQcFhoUCt2dwpLaVhnODdLVXVFdUxzKzBSeURhMWo5WmJKbVNVVzFFUVNMQ0VNaElZRW83ZEE3aTVUdGxRa0UzeFNjcWlxdTdJCnM0RlM1cjZPTTArak9jQlh5M1BrT1k1UnhkWUlJOHcxaGE1S0lNRlBmVGJBbnJ6UWhzeVFxVmxzQzl3blNYNVcKU05GWTcvbHRWUDhUbXpLRFBXRXpXUStoMU9mRkhkN0xKN2NSa0NNd0d3cUdzSkgxWStoOWcyYWw3ZVlCNWxuegpTaWQvOGFSb05KQ0g5cWJBMUtDbXBpK0tNRmNlZlpnS2VrMVlPOXAxYlAxTlk3bFp0Ykc1TkY1ZS8zK25hd1BtCmQyMVVKaStXY3RIMlhUU3BLeGpFWGQrVzNEakR1eDVQZmwvWnN3LzRJMmlHRTRFaTdlWVpwd3ZoY05tQlVCTXcKUEpMVzQ3WGZiL0hvdDlFWDMxSWhWWTNmL3NrUUxkdndPOGFIbVRFQkFydmd2QnVaeWJYVHByYXJzSlB5TVdGMgowZCs3Rk5BcnNqaXFyOHU3ejF0RlVROEpIYklSdjlhQ3laNW1CVVJWZWo3MWZ3Z1JWU2dIU2Zhb0VXWXFyNnNtCjE5Wng4QmRITGVYdnV1SDNoNnYyOEpCNAotLS0tLUVORCBDRVJUSUZJQ0FURS0tLS0tCg==",
                "client_key": "LS0tLS1CRUdJTiBSU0EgUFJJVkFURSBLRVktLS0tLQpNSUlKS2dJQkFBS0NBZ0VBOFQ2WTRIMEpsTVpmRXAwYjBtZ1JBOEhTNE9yM3RFN284V2ZKOW0vdEdQeUNRbnJmClcvWlJENDBjYndOMGFpejBKQ0cySnhHRW02Qy9xQkVwWnJuYi93cmVSL25OVXhBWFdZU2ZqOFF1N0hXRDE0eWEKYW1BMEp0ZW5GMmpaazJ3ZGYzZmsvUDZ5K21TT0d1WFV0QXBTT1JoamFTM1FjN3BJZEtqK1A1M2ZJM3p5anlIUgpyNTZ2SlFZcWdsZHJHMEVQRlJwYlh4M3dQaXJBZ0Rkc3hXMXlsTFJrNTRTbjBEbzllU2FqMGptakNqajl2QlNrCkdadm5SeFVIU3huK2xlM25oODQvOTBjdzVEMzJvS1ZDYUtycjdvMFZ0SU96UGJzSnlhQkFReGY2Unhza1hNdTkKU3MrMjMzVUdZckFweDdqb2Y3ZTlaV3JuWXFObUJUZ3U1Tlh2THNkWmUraHIydzlaRXkyRGtYbW5za21pTlkvMQpWc1Z3WHdRWS9IbW1ZL3NnckZzUGFaQVllR2lFZEZZczFFRERCM3VsK0N6YzNuVUtSMmlMZWN1VWoybk1WWlR1CjZYNGJOSGsrTjVrR1BRaWh1bE5KQkk3djdNZWhJQzhRUWkzeTFGcEs5UVdwbUlHNjUyMzgxUHFRa05HMkxXNVQKeTZEeFlObWNSYzBBTGpmV1YvNmFwTlM0SzlnVVZnakdOcWt6d3hCbkQ0NGpsUGlIYXpqUDBHQlZDWXg1cUJBawpySkc5OFU0azkxNUZVc1l4cm93R1FaVEZzN2c4ZU96U0NHdFNacDNTbk0yTldHeHVRNzN6ZWpEemtjb29nRTk4ClVoZ2IyS2pKK0F6aGorVzNUa21IaWM4UnpCUThpb2doRjByMVVTeWpxdmxJTjhzNlJRbGRLQ3hmU2pNQ0F3RUEKQVFLQ0FnQU1IQ29uY1dTOE82aGFjbG1MQlRTcGNzbUhzZDZGQmhzS2JKS0dWT3NGZ0pOM1lUSDZMS2RpdDZEYQo3OFQxeENqdDhXVkg3bk5iZysvQVc1QXZwY1VsNGVGSStBQzNHbzB1MkxTbWVRdCtvamcxUEtFa2F1STRwWnNGCksvc1VFVVFsSkhCeHhNVlk3VzJoYXdmSTVwQm5FNmdyTWs5a1Vuc1ZwQnE5NHgrOWs5QkhTc1FsdVRwWWlrZmQKcXM2OUc2c2YvT2FPVHAzdDQ2UFlnUy9CZExPTG1jZExtZXlrb1cvTzRrSXNxT2tHelMxQTRPdTE2ZzRXUFl6VQpBblkxc2k5dEJxSk9ZdkZRMjgxdGExajdPOEtaTGRXT1EyTGUyK3lXQmFpRUt3Z2lHVStJMEU5c2J5TTN4Mmp1CmU2SmY4aEoxd0NtajZ0VzZXQWZQTU82bHNtN2pCTTc0WGhLY015dS9pVi9nRVErSVorUU53cnhEN0Y3R0ZzZlcKd0NjclRvYnAwNGJXcE5FaUFIRlV1OXZaakZEVkJGSXRkRTFFT1J3Rm1IWGl4ZFhQMXBTRFlVQSs2eTQ5LzR6WApJS1hmNk1DZWdKVUt5RE9ZK3VFN2sxaXFsOWtPdm16cDNWRzh4NmlJTG5QenViRGdEYzRuUDFZVms3UzN3YzFnCnFVWmpNSy9oVjFWNHdoczFsL2NkME9SVytMaHl5SnAxY0pUWWE2WXJZbktQWGxiYTRXUXRmbHd0NUxhcjVSdTYKd05MQThubVVPbGI5a293OVFjczhob2Y3ZEIycHZuSlpQS1VnY0l5eStQdXRJcGY5dGt4ajNwMjNyNDluU2pseQpXanA4ZXhidUJoZlZCTS8rUEE2Q0NYRTZCZEYzU0lteWc0MXFhUjJLMzVBQkFuZnpnUUtDQVFFQS9NNFZJZDM2CmJ0ZGdTQ0JLdmJKeWZaNzFBc2ZBVXJ0N2dvbExVRVZydUxZaHh6eWdRYlRMZWZqdDhNMm1yOG02VlJma1VsSEwKZVdJYlNQZUE4RHlGa05senNCVmQyQnJ2THNNakJ4WXBIaXhkTlcrM1NaTDJxOElKT25jWHd6WG9nOGdpN2dzcgozZ0lUdXYrc25VMk5NNVVJZERNZkxLdHEwUXRkeDhic2Q4NU4zZTlmV2xQcGd3MW9jRmlsc2dYWGpsdWovWEo1ClZuMVhtNk92UEIwdmlLU0xXa3RnQ0JJT2xFektVbTFqejArdVVoWUZHeDJra2JtRVIxQmhYSFZNejJ4bVhPdGsKaXRxRDJHMlUvVE1vaEc2N2NLSEpVajl6QVBTa3lUUkEyZFlBSUFtd2F5OWpOWVFFNjg5L2xONHFmZS9tVDcyTwpyQVNMeERFSVBpNlhzd0tDQVFFQTlFc2N0OFZncWRrNW43L3lOL1pVQ082eWMydEx4Z2dhUWc1MnlhVml2Qk9ZCkMwOHBRT3N4UFB1clYvU0FEUUlSa2lpZnBwdzBZQ0wyVkFwQ2FnWmxnbkZGVmFXRFBMUkZHWDdhZ2ZXakhNYmwKQVhTb2R2ZUhHQWRxSHdCN3drdHJrc2xNaDZCV0N0RHpBaFAwNnNtUVlvVUhqUGN4R0JQeENlcldnMVUxVWQxNAo2RUVmdC9JN0c0NlQyUG9QVHFuR3BUWVpQd3FMTWVNajY1QVZ0ZDhTcnpRZThDaDRNQWt3NGdBaHpEM2p2YnovCkxxQU4zNnlkRlZQcTBpaXlteVNaSkl2NlVLWHFKMG45NDJ4amVjYVdNNFdYK0hLN0dSQ08zL2pEcEdvSXNmOUkKQ2UrSFpub3l0T0JIUWlMUXRTaFQwLzJGTW9DY3dvSml4U1pGSFl0RGdRS0NBUUVBM0tnNFU4WkFGODFQMGNTMQoyQnZReVFzY3lsOTE1QUNXenBwdHJWUGFzVy92emNxQ0NyZjJ2ckRqWnNMcDBoZmUxdlV5cWhPUTZaTVRRNzRjCndoUGhkVXdJS1ZLTkJkcUVtS2xrZ29QNlFjYnhXSG41WG5PemNMbTllbFdHM1RISmtIVDQ0QlBLSjA1aTBGN24KMktsZkxQM1JVak5vNjRGM2k1MURMdVBYZEw4U3dqdDBYQkJRQ3I2Q1FVVnU0eE1zVWFwMVdmdzRJcURtL2dlQwpKWk5IOFJuR05Ic0VDQ2RTcUdqYVU5WDlQMjlLTllYWTBSRXZtcTUxNGhVcjFocmdmMUFiak5FOWdlRTNJWXFNCmQvRFdWYm1kUzdNN1dObmUxSiswMFpZVllNM2tjQkprOVRsNGU3YU80UkROU0RBZW9LdnJ1QUE1YnJYTkZPTEQKVWhzeTl3S0NBUUVBc0xsTnN4dlVTOHJiUnRlaXNCMUF1WjJEOXI4ZDk4cVF4RXlXWGxXSVVhcVRDVXRnK3BlcAo3UVhhOUN2cUhuN3FteU5NSzBsQkVuTDRZOTl3SUNjMGMrTGhWNDMrbklHRW8yY0RSNVNkUlFvVlRMSkoxSlpJClluZXFxM2E4RU5oaW43T0Q2M0Z3RFM4UFBPZVcrK3FJeXR5Vms4S1cvMllkcnlEMXdkaDRWQnExaHI3bDVUb1UKekdDZVVBN0YyQkExcGZxMjFNWVo0Q01ETHp2eW1Ma2hXU0dKYUE2K3MzRlNyWXVPNTZPMkJ1S2NiK3hWWFFRUQpOd2VZRGlSbTRKamZPSE1TeUJqZWhVR2ZxMUFUdmxxTStnU2c1WmlLQlIzWFhlc21ET0N3SGFRaFJ4N0NncjNQCnhNMmlmeE9VakJqNlc1ZEJMa0dnSlk0UlNiSGZ1Zm12QVFLQ0FRRUE5dXRwdkJHanlhWCszRTVrWUd0NHBrVjQKWENKN0ZiQkcxVGlJeUpUWlhtRWpIRDVaNzRtUHAvNG5rVy9MSHkyeGIxOStXMzBlMytPOE9jZlMrQ3lDRForVQplQUgveDVRdE9IMS9pSUFPc3MxRlE1VWk2aWtIWUgrbjFPSDZPd2E5NEpXYkZ4UWdERXRuR1FZVm1sSXp1SzZ5Cm1PMm9PSHo2bkxhQk9OOWxQQitSWEJqc1BCSHBMT200Vy9VLzNGUlBaaUk0WUlWSlhtSXZpdFBNZUI0YzV6Tm4KcWVWQzJaNVFJL0ppUGhBdkpLcDJkaGZqVkhlTk5QREtZc3IweVdqVWxSQ1IrWHV2dDJOZzFvZTRUNC9qSWxBcgpEM2pjS2RZc0h0Z3I5ZUhXMzNCZnp0TkFyM0ZqWmNEU1NCV3BVd3hqTXFzSlJyNmlsNGVWS1VUK3hoRCtHdz09Ci0tLS0tRU5EIFJTQSBQUklWQVRFIEtFWS0tLS0tCg==",
                "cluster_ca_certificate": "LS0tLS1CRUdJTiBDRVJUSUZJQ0FURS0tLS0tCk1JSUU2VENDQXRHZ0F3SUJBZ0lSQU8vMTNUSjJoVjFjT1NsVzBSckdac3N3RFFZSktvWklodmNOQVFFTEJRQXcKRFRFTE1Ba0dBMVVFQXhNQ1kyRXdJQmNOTWpVeE1qRTNNVEV6TXpVeldoZ1BNakExTlRFeU1UY3hNVFF6TlROYQpNQTB4Q3pBSkJnTlZCQU1UQW1OaE1JSUNJakFOQmdrcWhraUc5dzBCQVFFRkFBT0NBZzhBTUlJQ0NnS0NBZ0VBCjY5SlZ1QmR3dzYybWxEeGVGb2x3UCtYUmlsRWFmOWlIaVJuRm5wQ0FzR2FYRWpXUVN1bmhEK3dMU1kvVGpBM3UKZ0NzQzdTd1NyRTIxT3dOUFhDNWNTTzNUa2ZsODVyblZaYlpMZEJZcVBwK252bUdmZFRkSmRORldmbUFGU0FiVQphTGQzLzBIWmFWclFlRkFLdFhDdHBXcXRFVUkwd3Y0Qkx4ODJMV2I0Z1V0N1BDN1JvM3FsNGpjSmxTTEYxZDFIClB4WFRleVRTcUNkWk9NQWVWMUxDR2YyT3BKTFJTelJIREpsUUREb3FsRWpQWjlWNW1kdkxjTjVDMFU2MnU0TTQKUVRwVXltSSthUXo5WEFHNHVrNUx1c0pGb3QrYnV2VEsyWHFoZllJanoxWS9WVEVYSUdPdXhGS3RiZzJDWHhTSgp0THZENWpOSWlGdFNHTm5jVzVDaXlUMlFrdkN1Sm5UajVSVG9ZakoyamxXdXF5aW9CcjR0M2dtbHpkdkVGeDYwCk54SEpCRFZpQXZ0em42WFVTWHVmKzh6Rmxua3ptRjB3TWZ2UDZiamw5Zy9vYk4wN0drclNVa09IeXo4WmdLblAKd2kyVis1dWdzZHVTUUpsSmpmUUR3VjZiTjNMUE5IQlRlc2t5L0o4TnVwdUdCMm0zMGZJejU4UkFLc05hbXNqSAo1ZjFOaUpZYzFQcnZhVEN1RkNqZHhnYUYvaFNMWVBVY1MwRmlZSXNMeGw5SUF3NXFnaGZicGQ1Z1hoQUt4MXBUCityajQ5d1h2dnFnZnRBUE1KRVNjeWdxSjZSaStPRC9DQnZDY003bW1nVWcyUkZPL0Q5d0hRdlBDT0tIblE5cXEKSVdJTjYrZmtPcWlZOVJCVENaOVF1OWt0VFBZY1RvTXFQOWZ2Q1BoWG0xVUNBd0VBQWFOQ01FQXdEZ1lEVlIwUApBUUgvQkFRREFnS2tNQThHQTFVZEV3RUIvd1FGTUFNQkFmOHdIUVlEVlIwT0JCWUVGTXZqUEZaaHFUSWtKRi9VCk16SEpLUGpPK1pUb01BMEdDU3FHU0liM0RRRUJDd1VBQTRJQ0FRQno0SnZNN2JBRWZWOEFSNEVXc1Ryd01CZUMKV2FiYXZqUFNIcFMwdG04UTcrdnVnSGlrN1Zab0hwOWpvN3ZEeWwzVmpRRVpabmhObmJCNWdFMkE4djFXYXE3dQo3SHJKaW1ueGZjbUxxMTlUTFNZL09DVjdsNSt3MWwvN0RhNEhsVlhYQ2Z0OVBURS94SGU1QVhTd29JVlRGYUNQClA0aHJYZ3NnVVVvVkFTc2hZMVNobGNJRjk5bzBsMWh1Tk9uY1VKcWVuNFMxM0ZmUExXVDRiNGM1K0toeEpBQUsKakhwZVRNdW9KVDBxNFI2V1pzSnFLRVdONlJkV0c1SHZncll6ZVFLNklwayt1eEFhY25wdk9pQTNKdVhKTFF4WgpMWHNCOHFla1ZkOGZoY1l6QWhkU2xjY25IL2d6QTZpMUJXek5FQmV5RnZVTkhpZDdJM29vdit4UFJGbFRpem5iCjVMSVFSVjNGSi9lRkhYcUw5THdxRDNkTGJWcHVqZ00vVHI5T29UVUlJRW5iR1dJRThZWnA4ZEhGRS95WlRXVGUKMVVicjJYcFB2ek1kczVmZFJLZ1VDQ2FnRy9zeEw2Uk02b0lOZEJqRWlWNmdFYklXaktpUGNWNHQ5RUs3dXdRYgprUE5FdERiODBxZ0t1ZjJHUmpHMUFzRzRGdjJpRHh6YUJGQWF4ekI4TTRVUE1WckxVOUl6bGM5eGp6cmZKUlIzCk0vOUhsUVcxMHc3amU3Y1pOQkljYUtwRWxRMi80aEtMMHV6a01BQ3RGY3JkOFhSYTdrMGpzNlplVWdhTTMxM0cKdDA1S1Z5Yk8rR0twSUh0OHFvTnNIeWVKZnpJWExLUUhHVEVOM1BMT1R2d0VDM01mMG1OWkRYM3lpNldyMnU4NgovREFsRlZnM0VQRmNhWVF1YUE9PQotLS0tLUVORCBDRVJUSUZJQ0FURS0tLS0tCg==",
                "host": "https://a015124-co-015124-coder-gwc-6f81ef-ayrdmsph.hcp.germanywestcentral.azmk8s.io:443",
                "password": "027x31cd31aeq033d1iw3lzwlr61k6wu66xclm1b6u47fd0cexmu5km0zegnqontkklsm76ynsw1yuuyp0g3igofnfqt8ogse4onezzvlzi3rufohilreamukkxd0ult",
                "username": "clusterUser_015124-coder-gwc-dev-rg_015124-coder-gwc-dev-aks"
              }
            ],
            "kube_config_raw": "apiVersion: v1\nclusters:\n- cluster:\n    certificate-authority-data: LS0tLS1CRUdJTiBDRVJUSUZJQ0FURS0tLS0tCk1JSUU2VENDQXRHZ0F3SUJBZ0lSQU8vMTNUSjJoVjFjT1NsVzBSckdac3N3RFFZSktvWklodmNOQVFFTEJRQXcKRFRFTE1Ba0dBMVVFQXhNQ1kyRXdJQmNOTWpVeE1qRTNNVEV6TXpVeldoZ1BNakExTlRFeU1UY3hNVFF6TlROYQpNQTB4Q3pBSkJnTlZCQU1UQW1OaE1JSUNJakFOQmdrcWhraUc5dzBCQVFFRkFBT0NBZzhBTUlJQ0NnS0NBZ0VBCjY5SlZ1QmR3dzYybWxEeGVGb2x3UCtYUmlsRWFmOWlIaVJuRm5wQ0FzR2FYRWpXUVN1bmhEK3dMU1kvVGpBM3UKZ0NzQzdTd1NyRTIxT3dOUFhDNWNTTzNUa2ZsODVyblZaYlpMZEJZcVBwK252bUdmZFRkSmRORldmbUFGU0FiVQphTGQzLzBIWmFWclFlRkFLdFhDdHBXcXRFVUkwd3Y0Qkx4ODJMV2I0Z1V0N1BDN1JvM3FsNGpjSmxTTEYxZDFIClB4WFRleVRTcUNkWk9NQWVWMUxDR2YyT3BKTFJTelJIREpsUUREb3FsRWpQWjlWNW1kdkxjTjVDMFU2MnU0TTQKUVRwVXltSSthUXo5WEFHNHVrNUx1c0pGb3QrYnV2VEsyWHFoZllJanoxWS9WVEVYSUdPdXhGS3RiZzJDWHhTSgp0THZENWpOSWlGdFNHTm5jVzVDaXlUMlFrdkN1Sm5UajVSVG9ZakoyamxXdXF5aW9CcjR0M2dtbHpkdkVGeDYwCk54SEpCRFZpQXZ0em42WFVTWHVmKzh6Rmxua3ptRjB3TWZ2UDZiamw5Zy9vYk4wN0drclNVa09IeXo4WmdLblAKd2kyVis1dWdzZHVTUUpsSmpmUUR3VjZiTjNMUE5IQlRlc2t5L0o4TnVwdUdCMm0zMGZJejU4UkFLc05hbXNqSAo1ZjFOaUpZYzFQcnZhVEN1RkNqZHhnYUYvaFNMWVBVY1MwRmlZSXNMeGw5SUF3NXFnaGZicGQ1Z1hoQUt4MXBUCityajQ5d1h2dnFnZnRBUE1KRVNjeWdxSjZSaStPRC9DQnZDY003bW1nVWcyUkZPL0Q5d0hRdlBDT0tIblE5cXEKSVdJTjYrZmtPcWlZOVJCVENaOVF1OWt0VFBZY1RvTXFQOWZ2Q1BoWG0xVUNBd0VBQWFOQ01FQXdEZ1lEVlIwUApBUUgvQkFRREFnS2tNQThHQTFVZEV3RUIvd1FGTUFNQkFmOHdIUVlEVlIwT0JCWUVGTXZqUEZaaHFUSWtKRi9VCk16SEpLUGpPK1pUb01BMEdDU3FHU0liM0RRRUJDd1VBQTRJQ0FRQno0SnZNN2JBRWZWOEFSNEVXc1Ryd01CZUMKV2FiYXZqUFNIcFMwdG04UTcrdnVnSGlrN1Zab0hwOWpvN3ZEeWwzVmpRRVpabmhObmJCNWdFMkE4djFXYXE3dQo3SHJKaW1ueGZjbUxxMTlUTFNZL09DVjdsNSt3MWwvN0RhNEhsVlhYQ2Z0OVBURS94SGU1QVhTd29JVlRGYUNQClA0aHJYZ3NnVVVvVkFTc2hZMVNobGNJRjk5bzBsMWh1Tk9uY1VKcWVuNFMxM0ZmUExXVDRiNGM1K0toeEpBQUsKakhwZVRNdW9KVDBxNFI2V1pzSnFLRVdONlJkV0c1SHZncll6ZVFLNklwayt1eEFhY25wdk9pQTNKdVhKTFF4WgpMWHNCOHFla1ZkOGZoY1l6QWhkU2xjY25IL2d6QTZpMUJXek5FQmV5RnZVTkhpZDdJM29vdit4UFJGbFRpem5iCjVMSVFSVjNGSi9lRkhYcUw5THdxRDNkTGJWcHVqZ00vVHI5T29UVUlJRW5iR1dJRThZWnA4ZEhGRS95WlRXVGUKMVVicjJYcFB2ek1kczVmZFJLZ1VDQ2FnRy9zeEw2Uk02b0lOZEJqRWlWNmdFYklXaktpUGNWNHQ5RUs3dXdRYgprUE5FdERiODBxZ0t1ZjJHUmpHMUFzRzRGdjJpRHh6YUJGQWF4ekI4TTRVUE1WckxVOUl6bGM5eGp6cmZKUlIzCk0vOUhsUVcxMHc3amU3Y1pOQkljYUtwRWxRMi80aEtMMHV6a01BQ3RGY3JkOFhSYTdrMGpzNlplVWdhTTMxM0cKdDA1S1Z5Yk8rR0twSUh0OHFvTnNIeWVKZnpJWExLUUhHVEVOM1BMT1R2d0VDM01mMG1OWkRYM3lpNldyMnU4NgovREFsRlZnM0VQRmNhWVF1YUE9PQotLS0tLUVORCBDRVJUSUZJQ0FURS0tLS0tCg==\n    server: https://a015124-co-015124-coder-gwc-6f81ef-ayrdmsph.hcp.germanywestcentral.azmk8s.io:443\n  name: 015124-coder-gwc-dev-aks\ncontexts:\n- context:\n    cluster: 015124-coder-gwc-dev-aks\n    user: clusterUser_015124-coder-gwc-dev-rg_015124-coder-gwc-dev-aks\n  name: 015124-coder-gwc-dev-aks\ncurrent-context: 015124-coder-gwc-dev-aks\nkind: Config\npreferences: {}\nusers:\n- name: clusterUser_015124-coder-gwc-dev-rg_015124-coder-gwc-dev-aks\n  user:\n    client-certificate-data: LS0tLS1CRUdJTiBDRVJUSUZJQ0FURS0tLS0tCk1JSUZIakNDQXdhZ0F3SUJBZ0lSQU9mWkRkYVltalFlTWgyREZzUG92MUF3RFFZSktvWklodmNOQVFFTEJRQXcKRFRFTE1Ba0dBMVVFQXhNQ1kyRXdIaGNOTWpVeE1qRTNNVEV6TXpVeldoY05NamN4TWpFM01URTBNelV6V2pBdwpNUmN3RlFZRFZRUUtFdzV6ZVhOMFpXMDZiV0Z6ZEdWeWN6RVZNQk1HQTFVRUF4TU1iV0Z6ZEdWeVkyeHBaVzUwCk1JSUNJakFOQmdrcWhraUc5dzBCQVFFRkFBT0NBZzhBTUlJQ0NnS0NBZ0VBOFQ2WTRIMEpsTVpmRXAwYjBtZ1IKQThIUzRPcjN0RTdvOFdmSjltL3RHUHlDUW5yZlcvWlJENDBjYndOMGFpejBKQ0cySnhHRW02Qy9xQkVwWnJuYgovd3JlUi9uTlV4QVhXWVNmajhRdTdIV0QxNHlhYW1BMEp0ZW5GMmpaazJ3ZGYzZmsvUDZ5K21TT0d1WFV0QXBTCk9SaGphUzNRYzdwSWRLaitQNTNmSTN6eWp5SFJyNTZ2SlFZcWdsZHJHMEVQRlJwYlh4M3dQaXJBZ0Rkc3hXMXkKbExSazU0U24wRG85ZVNhajBqbWpDamo5dkJTa0dadm5SeFVIU3huK2xlM25oODQvOTBjdzVEMzJvS1ZDYUtycgo3bzBWdElPelBic0p5YUJBUXhmNlJ4c2tYTXU5U3MrMjMzVUdZckFweDdqb2Y3ZTlaV3JuWXFObUJUZ3U1Tlh2CkxzZFplK2hyMnc5WkV5MkRrWG1uc2ttaU5ZLzFWc1Z3WHdRWS9IbW1ZL3NnckZzUGFaQVllR2lFZEZZczFFREQKQjN1bCtDemMzblVLUjJpTGVjdVVqMm5NVlpUdTZYNGJOSGsrTjVrR1BRaWh1bE5KQkk3djdNZWhJQzhRUWkzeQoxRnBLOVFXcG1JRzY1MjM4MVBxUWtORzJMVzVUeTZEeFlObWNSYzBBTGpmV1YvNmFwTlM0SzlnVVZnakdOcWt6Cnd4Qm5ENDRqbFBpSGF6alAwR0JWQ1l4NXFCQWtySkc5OFU0azkxNUZVc1l4cm93R1FaVEZzN2c4ZU96U0NHdFMKWnAzU25NMk5XR3h1UTczemVqRHprY29vZ0U5OFVoZ2IyS2pKK0F6aGorVzNUa21IaWM4UnpCUThpb2doRjByMQpVU3lqcXZsSU44czZSUWxkS0N4ZlNqTUNBd0VBQWFOV01GUXdEZ1lEVlIwUEFRSC9CQVFEQWdXZ01CTUdBMVVkCkpRUU1NQW9HQ0NzR0FRVUZCd01DTUF3R0ExVWRFd0VCL3dRQ01BQXdId1lEVlIwakJCZ3dGb0FVeStNOFZtR3AKTWlRa1g5UXpNY2tvK003NWxPZ3dEUVlKS29aSWh2Y05BUUVMQlFBRGdnSUJBRHV0d3BicDFPd0pOZld1SmROaQpzV0pDWWhTMVFxTlRLWEcxTk5CNXFVS1Z0YkoweVlVNTVvdlJJUW9FZkNTdzlxbTlEWXFnN080em9oRUs4UmZnCklpT0QyZm54VkFHNVpCNTJDWXA0VjNiUURPdlExbTZLUTNPMTg3MjRTYTZTWDBDcmRIbXBncmp5UVo4NUpaaXAKOGtwRmdOa0JXcWx3OGltV1lRUlFiaUxBcjliQklWeElYS1F6aHY5V2hYL1IzTGpqWWdaV3FCNVhQcFhoUCt2dwpLaVhnODdLVXVFdUxzKzBSeURhMWo5WmJKbVNVVzFFUVNMQ0VNaElZRW83ZEE3aTVUdGxRa0UzeFNjcWlxdTdJCnM0RlM1cjZPTTArak9jQlh5M1BrT1k1UnhkWUlJOHcxaGE1S0lNRlBmVGJBbnJ6UWhzeVFxVmxzQzl3blNYNVcKU05GWTcvbHRWUDhUbXpLRFBXRXpXUStoMU9mRkhkN0xKN2NSa0NNd0d3cUdzSkgxWStoOWcyYWw3ZVlCNWxuegpTaWQvOGFSb05KQ0g5cWJBMUtDbXBpK0tNRmNlZlpnS2VrMVlPOXAxYlAxTlk3bFp0Ykc1TkY1ZS8zK25hd1BtCmQyMVVKaStXY3RIMlhUU3BLeGpFWGQrVzNEakR1eDVQZmwvWnN3LzRJMmlHRTRFaTdlWVpwd3ZoY05tQlVCTXcKUEpMVzQ3WGZiL0hvdDlFWDMxSWhWWTNmL3NrUUxkdndPOGFIbVRFQkFydmd2QnVaeWJYVHByYXJzSlB5TVdGMgowZCs3Rk5BcnNqaXFyOHU3ejF0RlVROEpIYklSdjlhQ3laNW1CVVJWZWo3MWZ3Z1JWU2dIU2Zhb0VXWXFyNnNtCjE5Wng4QmRITGVYdnV1SDNoNnYyOEpCNAotLS0tLUVORCBDRVJUSUZJQ0FURS0tLS0tCg==\n    client-key-data: LS0tLS1CRUdJTiBSU0EgUFJJVkFURSBLRVktLS0tLQpNSUlKS2dJQkFBS0NBZ0VBOFQ2WTRIMEpsTVpmRXAwYjBtZ1JBOEhTNE9yM3RFN284V2ZKOW0vdEdQeUNRbnJmClcvWlJENDBjYndOMGFpejBKQ0cySnhHRW02Qy9xQkVwWnJuYi93cmVSL25OVXhBWFdZU2ZqOFF1N0hXRDE0eWEKYW1BMEp0ZW5GMmpaazJ3ZGYzZmsvUDZ5K21TT0d1WFV0QXBTT1JoamFTM1FjN3BJZEtqK1A1M2ZJM3p5anlIUgpyNTZ2SlFZcWdsZHJHMEVQRlJwYlh4M3dQaXJBZ0Rkc3hXMXlsTFJrNTRTbjBEbzllU2FqMGptakNqajl2QlNrCkdadm5SeFVIU3huK2xlM25oODQvOTBjdzVEMzJvS1ZDYUtycjdvMFZ0SU96UGJzSnlhQkFReGY2Unhza1hNdTkKU3MrMjMzVUdZckFweDdqb2Y3ZTlaV3JuWXFObUJUZ3U1Tlh2THNkWmUraHIydzlaRXkyRGtYbW5za21pTlkvMQpWc1Z3WHdRWS9IbW1ZL3NnckZzUGFaQVllR2lFZEZZczFFRERCM3VsK0N6YzNuVUtSMmlMZWN1VWoybk1WWlR1CjZYNGJOSGsrTjVrR1BRaWh1bE5KQkk3djdNZWhJQzhRUWkzeTFGcEs5UVdwbUlHNjUyMzgxUHFRa05HMkxXNVQKeTZEeFlObWNSYzBBTGpmV1YvNmFwTlM0SzlnVVZnakdOcWt6d3hCbkQ0NGpsUGlIYXpqUDBHQlZDWXg1cUJBawpySkc5OFU0azkxNUZVc1l4cm93R1FaVEZzN2c4ZU96U0NHdFNacDNTbk0yTldHeHVRNzN6ZWpEemtjb29nRTk4ClVoZ2IyS2pKK0F6aGorVzNUa21IaWM4UnpCUThpb2doRjByMVVTeWpxdmxJTjhzNlJRbGRLQ3hmU2pNQ0F3RUEKQVFLQ0FnQU1IQ29uY1dTOE82aGFjbG1MQlRTcGNzbUhzZDZGQmhzS2JKS0dWT3NGZ0pOM1lUSDZMS2RpdDZEYQo3OFQxeENqdDhXVkg3bk5iZysvQVc1QXZwY1VsNGVGSStBQzNHbzB1MkxTbWVRdCtvamcxUEtFa2F1STRwWnNGCksvc1VFVVFsSkhCeHhNVlk3VzJoYXdmSTVwQm5FNmdyTWs5a1Vuc1ZwQnE5NHgrOWs5QkhTc1FsdVRwWWlrZmQKcXM2OUc2c2YvT2FPVHAzdDQ2UFlnUy9CZExPTG1jZExtZXlrb1cvTzRrSXNxT2tHelMxQTRPdTE2ZzRXUFl6VQpBblkxc2k5dEJxSk9ZdkZRMjgxdGExajdPOEtaTGRXT1EyTGUyK3lXQmFpRUt3Z2lHVStJMEU5c2J5TTN4Mmp1CmU2SmY4aEoxd0NtajZ0VzZXQWZQTU82bHNtN2pCTTc0WGhLY015dS9pVi9nRVErSVorUU53cnhEN0Y3R0ZzZlcKd0NjclRvYnAwNGJXcE5FaUFIRlV1OXZaakZEVkJGSXRkRTFFT1J3Rm1IWGl4ZFhQMXBTRFlVQSs2eTQ5LzR6WApJS1hmNk1DZWdKVUt5RE9ZK3VFN2sxaXFsOWtPdm16cDNWRzh4NmlJTG5QenViRGdEYzRuUDFZVms3UzN3YzFnCnFVWmpNSy9oVjFWNHdoczFsL2NkME9SVytMaHl5SnAxY0pUWWE2WXJZbktQWGxiYTRXUXRmbHd0NUxhcjVSdTYKd05MQThubVVPbGI5a293OVFjczhob2Y3ZEIycHZuSlpQS1VnY0l5eStQdXRJcGY5dGt4ajNwMjNyNDluU2pseQpXanA4ZXhidUJoZlZCTS8rUEE2Q0NYRTZCZEYzU0lteWc0MXFhUjJLMzVBQkFuZnpnUUtDQVFFQS9NNFZJZDM2CmJ0ZGdTQ0JLdmJKeWZaNzFBc2ZBVXJ0N2dvbExVRVZydUxZaHh6eWdRYlRMZWZqdDhNMm1yOG02VlJma1VsSEwKZVdJYlNQZUE4RHlGa05senNCVmQyQnJ2THNNakJ4WXBIaXhkTlcrM1NaTDJxOElKT25jWHd6WG9nOGdpN2dzcgozZ0lUdXYrc25VMk5NNVVJZERNZkxLdHEwUXRkeDhic2Q4NU4zZTlmV2xQcGd3MW9jRmlsc2dYWGpsdWovWEo1ClZuMVhtNk92UEIwdmlLU0xXa3RnQ0JJT2xFektVbTFqejArdVVoWUZHeDJra2JtRVIxQmhYSFZNejJ4bVhPdGsKaXRxRDJHMlUvVE1vaEc2N2NLSEpVajl6QVBTa3lUUkEyZFlBSUFtd2F5OWpOWVFFNjg5L2xONHFmZS9tVDcyTwpyQVNMeERFSVBpNlhzd0tDQVFFQTlFc2N0OFZncWRrNW43L3lOL1pVQ082eWMydEx4Z2dhUWc1MnlhVml2Qk9ZCkMwOHBRT3N4UFB1clYvU0FEUUlSa2lpZnBwdzBZQ0wyVkFwQ2FnWmxnbkZGVmFXRFBMUkZHWDdhZ2ZXakhNYmwKQVhTb2R2ZUhHQWRxSHdCN3drdHJrc2xNaDZCV0N0RHpBaFAwNnNtUVlvVUhqUGN4R0JQeENlcldnMVUxVWQxNAo2RUVmdC9JN0c0NlQyUG9QVHFuR3BUWVpQd3FMTWVNajY1QVZ0ZDhTcnpRZThDaDRNQWt3NGdBaHpEM2p2YnovCkxxQU4zNnlkRlZQcTBpaXlteVNaSkl2NlVLWHFKMG45NDJ4amVjYVdNNFdYK0hLN0dSQ08zL2pEcEdvSXNmOUkKQ2UrSFpub3l0T0JIUWlMUXRTaFQwLzJGTW9DY3dvSml4U1pGSFl0RGdRS0NBUUVBM0tnNFU4WkFGODFQMGNTMQoyQnZReVFzY3lsOTE1QUNXenBwdHJWUGFzVy92emNxQ0NyZjJ2ckRqWnNMcDBoZmUxdlV5cWhPUTZaTVRRNzRjCndoUGhkVXdJS1ZLTkJkcUVtS2xrZ29QNlFjYnhXSG41WG5PemNMbTllbFdHM1RISmtIVDQ0QlBLSjA1aTBGN24KMktsZkxQM1JVak5vNjRGM2k1MURMdVBYZEw4U3dqdDBYQkJRQ3I2Q1FVVnU0eE1zVWFwMVdmdzRJcURtL2dlQwpKWk5IOFJuR05Ic0VDQ2RTcUdqYVU5WDlQMjlLTllYWTBSRXZtcTUxNGhVcjFocmdmMUFiak5FOWdlRTNJWXFNCmQvRFdWYm1kUzdNN1dObmUxSiswMFpZVllNM2tjQkprOVRsNGU3YU80UkROU0RBZW9LdnJ1QUE1YnJYTkZPTEQKVWhzeTl3S0NBUUVBc0xsTnN4dlVTOHJiUnRlaXNCMUF1WjJEOXI4ZDk4cVF4RXlXWGxXSVVhcVRDVXRnK3BlcAo3UVhhOUN2cUhuN3FteU5NSzBsQkVuTDRZOTl3SUNjMGMrTGhWNDMrbklHRW8yY0RSNVNkUlFvVlRMSkoxSlpJClluZXFxM2E4RU5oaW43T0Q2M0Z3RFM4UFBPZVcrK3FJeXR5Vms4S1cvMllkcnlEMXdkaDRWQnExaHI3bDVUb1UKekdDZVVBN0YyQkExcGZxMjFNWVo0Q01ETHp2eW1Ma2hXU0dKYUE2K3MzRlNyWXVPNTZPMkJ1S2NiK3hWWFFRUQpOd2VZRGlSbTRKamZPSE1TeUJqZWhVR2ZxMUFUdmxxTStnU2c1WmlLQlIzWFhlc21ET0N3SGFRaFJ4N0NncjNQCnhNMmlmeE9VakJqNlc1ZEJMa0dnSlk0UlNiSGZ1Zm12QVFLQ0FRRUE5dXRwdkJHanlhWCszRTVrWUd0NHBrVjQKWENKN0ZiQkcxVGlJeUpUWlhtRWpIRDVaNzRtUHAvNG5rVy9MSHkyeGIxOStXMzBlMytPOE9jZlMrQ3lDRForVQplQUgveDVRdE9IMS9pSUFPc3MxRlE1VWk2aWtIWUgrbjFPSDZPd2E5NEpXYkZ4UWdERXRuR1FZVm1sSXp1SzZ5Cm1PMm9PSHo2bkxhQk9OOWxQQitSWEJqc1BCSHBMT200Vy9VLzNGUlBaaUk0WUlWSlhtSXZpdFBNZUI0YzV6Tm4KcWVWQzJaNVFJL0ppUGhBdkpLcDJkaGZqVkhlTk5QREtZc3IweVdqVWxSQ1IrWHV2dDJOZzFvZTRUNC9qSWxBcgpEM2pjS2RZc0h0Z3I5ZUhXMzNCZnp0TkFyM0ZqWmNEU1NCV3BVd3hqTXFzSlJyNmlsNGVWS1VUK3hoRCtHdz09Ci0tLS0tRU5EIFJTQSBQUklWQVRFIEtFWS0tLS0tCg==\n    token: 027x31cd31aeq033d1iw3lzwlr61k6wu66xclm1b6u47fd0cexmu5km0zegnqontkklsm76ynsw1yuuyp0g3igofnfqt8ogse4onezzvlzi3rufohilreamukkxd0ult\n",
            "kubelet_identity": [
              {
                "client_id": "38812eda-1b92-44bf-bbd0-ec01a716e546",
                "object_id": "9e42484f-7298-4a6d-9d7f-e20e33cbd13d",
                "user_assigned_identity_id": "/subscriptions/6f81ef09-202c-4e6b-9f7c-1fff436c0fbf/resourceGroups/MC_015124-coder-gwc-dev-rg_015124-coder-gwc-dev-aks_germanywestcentral/providers/Microsoft.ManagedIdentity/userAssignedIdentities/015124-coder-gwc-dev-aks-agentpool"
              }
            ],
            "kubernetes_version": "1.33",
            "linux_profile": [
              {
                "admin_username": "azureuser",
                "ssh_key": [
                  {
                    "key_data": "ssh-rsa AAAAB3NzaC1yc2EAAAADAQABAAABgQC1q5O6SQ9vARzZeoaGGEyjbqbCXtqPs5rnJUFDNrM4Bwri4Hf7F3rHGhRu96av8luE/OQLOC7wyc5QElLypu7pMWdDEV3E6rXo+LjZs+QRzmQjg6HX2B6BCpzPsNS74SBU5O+fkDBN5hzRYe+EdlEQyCGxim5vTWjnzwpLPqxW7CzunHFb6BELPzfOiNPBonM3EWl7eAlseP4RBaNPt5b0YuutdV5z6pykuZPfUoYwPLjvEyyv5nLFGA65M38dvISiN6yr9jWp98/1u4tGbORQkzYUJ8b8M3kq/o1O+kcav2egpanZtgw4HlsKSi7c07ITN3pDTSgRgqG0FrRhrsf226NwcoSPyLvLCIalzqa1GpHrwk3Bb7aqJ66gbZxtRzX3kf0J58xbm1zKHqHFXg0cv88loaRXE717WUSKdWLu3LosDvqOxmIGuqDNySorHs3B43VI6SVksbyJzWL3pyoiJuSo0q/AhHZwhXqDHEa+lDO28HR/KUQF90waZCBFGJ8= jens@mysurface\n"
                  }
                ]
              }
            ],
            "local_account_disabled": false,
            "location": "germanywestcentral",
            "maintenance_window": [],
            "maintenance_window_auto_upgrade": [],
            "maintenance_window_node_os": [],
            "microsoft_defender": [],
            "monitor_metrics": [],
            "name": "015124-coder-gwc-dev-aks",
            "network_profile": [
              {
                "dns_service_ip": "10.0.0.10",
                "ip_versions": [
                  "IPv4"
                ],
                "load_balancer_profile": [
                  {
                    "backend_pool_type": "NodeIPConfiguration",
                    "effective_outbound_ips": [
                      "/subscriptions/6f81ef09-202c-4e6b-9f7c-1fff436c0fbf/resourceGroups/MC_015124-coder-gwc-dev-rg_015124-coder-gwc-dev-aks_germanywestcentral/providers/Microsoft.Network/publicIPAddresses/7fb520a7-259b-44b7-bfb0-b6215a59a78e"
                    ],
                    "idle_timeout_in_minutes": 0,
                    "managed_outbound_ip_count": 1,
                    "managed_outbound_ipv6_count": 0,
                    "outbound_ip_address_ids": [],
                    "outbound_ip_prefix_ids": [],
                    "outbound_ports_allocated": 0
                  }
                ],
                "load_balancer_sku": "standard",
                "nat_gateway_profile": [],
                "network_data_plane": "azure",
                "network_mode": "",
                "network_plugin": "azure",
                "network_plugin_mode": "",
                "network_policy": "",
                "outbound_type": "loadBalancer",
                "pod_cidr": "",
                "pod_cidrs": [],
                "service_cidr": "10.0.0.0/16",
                "service_cidrs": [
                  "10.0.0.0/16"
                ]
              }
            ],
            "node_os_upgrade_channel": "NodeImage",
            "node_resource_group": "MC_015124-coder-gwc-dev-rg_015124-coder-gwc-dev-aks_germanywestcentral",
            "node_resource_group_id": "/subscriptions/6f81ef09-202c-4e6b-9f7c-1fff436c0fbf/resourceGroups/MC_015124-coder-gwc-dev-rg_015124-coder-gwc-dev-aks_germanywestcentral",
            "oidc_issuer_enabled": false,
            "oidc_issuer_url": "",
            "oms_agent": [],
            "open_service_mesh_enabled": false,
            "portal_fqdn": "a015124-co-015124-coder-gwc-6f81ef-ayrdmsph.portal.hcp.germanywestcentral.azmk8s.io",
            "private_cluster_enabled": false,
            "private_cluster_public_fqdn_enabled": false,
            "private_dns_zone_id": "",
            "private_fqdn": "",
            "resource_group_name": "015124-coder-gwc-dev-rg",
            "role_based_access_control_enabled": true,
            "run_command_enabled": true,
            "service_mesh_profile": [],
            "service_principal": [],
            "sku_tier": "Free",
            "storage_profile": [],
            "support_plan": "KubernetesOfficial",
            "tags": {},
            "timeouts": null,
            "upgrade_override": [],
            "web_app_routing": [],
            "windows_profile": [
              {
                "admin_password": "",
                "admin_username": "azureuser",
                "gmsa": [],
                "license": ""
              }
            ],
            "workload_autoscaler_profile": [],
            "workload_identity_enabled": false
          },
          "sensitive_attributes": [
            [
              {
                "type": "get_attr",
                "value": "kube_admin_config"
              }
            ],
            [
              {
                "type": "get_attr",
                "value": "kube_admin_config_raw"
              }
            ],
            [
              {
                "type": "get_attr",
                "value": "kube_config"
              }
            ],
            [
              {
                "type": "get_attr",
                "value": "kube_config_raw"
              }
            ],
            [
              {
                "type": "get_attr",
                "value": "windows_profile"
              },
              {
                "type": "index",
                "value": {
                  "value": 0,
                  "type": "number"
                }
              },
              {
                "type": "get_attr",
                "value": "admin_password"
              }
            ]
          ],
          "identity_schema_version": 0,
          "private": "eyJlMmJmYjczMC1lY2FhLTExZTYtOGY4OC0zNDM2M2JjN2M0YzAiOnsiY3JlYXRlIjo1NDAwMDAwMDAwMDAwLCJkZWxldGUiOjU0MDAwMDAwMDAwMDAsInJlYWQiOjMwMDAwMDAwMDAwMCwidXBkYXRlIjo1NDAwMDAwMDAwMDAwfSwic2NoZW1hX3ZlcnNpb24iOiIyIn0="
        }
      ]
    },
    {
      "mode": "managed",
      "type": "azurerm_kubernetes_cluster_node_pool",
      "name": "res-2",
      "provider": "provider[\"registry.terraform.io/hashicorp/azurerm\"]",
      "instances": [
        {
          "schema_version": 1,
          "attributes": {
            "auto_scaling_enabled": false,
            "capacity_reservation_group_id": "",
            "eviction_policy": "",
            "fips_enabled": false,
            "gpu_instance": null,
            "host_encryption_enabled": false,
            "host_group_id": "",
            "id": "/subscriptions/6f81ef09-202c-4e6b-9f7c-1fff436c0fbf/resourceGroups/015124-coder-gwc-dev-rg/providers/Microsoft.ContainerService/managedClusters/015124-coder-gwc-dev-aks/agentPools/nodepool1",
            "kubelet_config": [],
            "kubelet_disk_type": "OS",
            "kubernetes_cluster_id": "/subscriptions/6f81ef09-202c-4e6b-9f7c-1fff436c0fbf/resourceGroups/015124-coder-gwc-dev-rg/providers/Microsoft.ContainerService/managedClusters/015124-coder-gwc-dev-aks",
            "linux_os_config": [],
            "max_count": 0,
            "max_pods": 30,
            "min_count": 0,
            "mode": "System",
            "name": "nodepool1",
            "node_count": 3,
            "node_labels": {},
            "node_network_profile": [],
            "node_public_ip_enabled": false,
            "node_public_ip_prefix_id": "",
            "node_taints": [],
            "orchestrator_version": "1.33",
            "os_disk_size_gb": 128,
            "os_disk_type": "Managed",
            "os_sku": "Ubuntu",
            "os_type": "Linux",
            "pod_subnet_id": "",
            "priority": "Regular",
            "proximity_placement_group_id": "",
            "scale_down_mode": "Delete",
            "snapshot_id": null,
            "spot_max_price": -1,
            "tags": {},
            "temporary_name_for_rotation": null,
            "timeouts": null,
            "ultra_ssd_enabled": false,
            "upgrade_settings": [
              {
                "drain_timeout_in_minutes": 0,
                "max_surge": "10%",
                "node_soak_duration_in_minutes": 0
              }
            ],
            "vm_size": "Standard_D2s_v3",
            "vnet_subnet_id": "",
            "windows_profile": [],
            "workload_runtime": "OCIContainer",
            "zones": []
          },
          "sensitive_attributes": [],
          "identity_schema_version": 0,
          "private": "eyJlMmJmYjczMC1lY2FhLTExZTYtOGY4OC0zNDM2M2JjN2M0YzAiOnsiY3JlYXRlIjozNjAwMDAwMDAwMDAwLCJkZWxldGUiOjM2MDAwMDAwMDAwMDAsInJlYWQiOjMwMDAwMDAwMDAwMCwidXBkYXRlIjozNjAwMDAwMDAwMDAwfSwic2NoZW1hX3ZlcnNpb24iOiIxIn0="
        }
      ]
    },
    {
      "mode": "managed",
      "type": "azurerm_public_ip",
      "name": "res-4",
      "provider": "provider[\"registry.terraform.io/hashicorp/azurerm\"]",
      "instances": [
        {
          "schema_version": 0,
          "attributes": {
            "allocation_method": "Static",
            "ddos_protection_mode": "VirtualNetworkInherited",
            "ddos_protection_plan_id": null,
            "domain_name_label": null,
            "domain_name_label_scope": null,
            "edge_zone": "",
            "fqdn": null,
            "id": "/subscriptions/6f81ef09-202c-4e6b-9f7c-1fff436c0fbf/resourceGroups/015124-coder-gwc-dev-rg/providers/Microsoft.Network/publicIPAddresses/015124-coder-gwc-dev-ip",
            "idle_timeout_in_minutes": 4,
            "ip_address": "4.185.69.50",
            "ip_tags": {},
            "ip_version": "IPv4",
            "location": "germanywestcentral",
            "name": "015124-coder-gwc-dev-ip",
            "public_ip_prefix_id": null,
            "resource_group_name": "015124-coder-gwc-dev-rg",
            "reverse_fqdn": null,
            "sku": "Standard",
            "sku_tier": "Regional",
            "tags": {},
            "timeouts": null,
            "zones": []
          },
          "sensitive_attributes": [],
          "identity_schema_version": 0,
          "private": "eyJlMmJmYjczMC1lY2FhLTExZTYtOGY4OC0zNDM2M2JjN2M0YzAiOnsiY3JlYXRlIjoxODAwMDAwMDAwMDAwLCJkZWxldGUiOjE4MDAwMDAwMDAwMDAsInJlYWQiOjMwMDAwMDAwMDAwMCwidXBkYXRlIjoxODAwMDAwMDAwMDAwfSwic2NoZW1hX3ZlcnNpb24iOiIwIn0="
        }
      ]
    },
    {
      "mode": "managed",
      "type": "azurerm_resource_group",
      "name": "res-0",
      "provider": "provider[\"registry.terraform.io/hashicorp/azurerm\"]",
      "instances": [
        {
          "schema_version": 0,
          "attributes": {
            "id": "/subscriptions/6f81ef09-202c-4e6b-9f7c-1fff436c0fbf/resourceGroups/015124-coder-gwc-dev-rg",
            "location": "germanywestcentral",
            "managed_by": "",
            "name": "015124-coder-gwc-dev-rg",
            "tags": {},
            "timeouts": null
          },
          "sensitive_attributes": [],
          "identity_schema_version": 0,
          "private": "eyJlMmJmYjczMC1lY2FhLTExZTYtOGY4OC0zNDM2M2JjN2M0YzAiOnsiY3JlYXRlIjo1NDAwMDAwMDAwMDAwLCJkZWxldGUiOjU0MDAwMDAwMDAwMDAsInJlYWQiOjMwMDAwMDAwMDAwMCwidXBkYXRlIjo1NDAwMDAwMDAwMDAwfSwic2NoZW1hX3ZlcnNpb24iOiIwIn0="
        }
      ]
    },
    {
      "mode": "managed",
      "type": "azurerm_subnet",
      "name": "res-6",
      "provider": "provider[\"registry.terraform.io/hashicorp/azurerm\"]",
      "instances": [
        {
          "schema_version": 0,
          "attributes": {
            "address_prefixes": [
              "10.0.0.0/24"
            ],
            "default_outbound_access_enabled": true,
            "delegation": [],
            "id": "/subscriptions/6f81ef09-202c-4e6b-9f7c-1fff436c0fbf/resourceGroups/015124-coder-gwc-dev-rg/providers/Microsoft.Network/virtualNetworks/015124-coder-gwc-dev-vnet/subnets/015124-coder-gwc-dev-subnet",
            "name": "015124-coder-gwc-dev-subnet",
            "private_endpoint_network_policies": "Disabled",
            "private_link_service_network_policies_enabled": true,
            "resource_group_name": "015124-coder-gwc-dev-rg",
            "service_endpoint_policy_ids": [],
            "service_endpoints": [],
            "timeouts": null,
            "virtual_network_name": "015124-coder-gwc-dev-vnet"
          },
          "sensitive_attributes": [],
          "identity_schema_version": 0,
          "private": "eyJlMmJmYjczMC1lY2FhLTExZTYtOGY4OC0zNDM2M2JjN2M0YzAiOnsiY3JlYXRlIjoxODAwMDAwMDAwMDAwLCJkZWxldGUiOjE4MDAwMDAwMDAwMDAsInJlYWQiOjMwMDAwMDAwMDAwMCwidXBkYXRlIjoxODAwMDAwMDAwMDAwfSwic2NoZW1hX3ZlcnNpb24iOiIwIn0="
        }
      ]
    },
    {
      "mode": "managed",
      "type": "azurerm_virtual_network",
      "name": "res-5",
      "provider": "provider[\"registry.terraform.io/hashicorp/azurerm\"]",
      "instances": [
        {
          "schema_version": 0,
          "attributes": {
            "address_space": [
              "10.0.0.0/16"
            ],
            "bgp_community": "",
            "ddos_protection_plan": [],
            "dns_servers": [],
            "edge_zone": "",
            "encryption": [],
            "flow_timeout_in_minutes": 0,
            "guid": "2a251d01-17f7-4715-b0a1-38f13e6e5504",
            "id": "/subscriptions/6f81ef09-202c-4e6b-9f7c-1fff436c0fbf/resourceGroups/015124-coder-gwc-dev-rg/providers/Microsoft.Network/virtualNetworks/015124-coder-gwc-dev-vnet",
            "ip_address_pool": [],
            "location": "germanywestcentral",
            "name": "015124-coder-gwc-dev-vnet",
            "private_endpoint_vnet_policies": "Disabled",
            "resource_group_name": "015124-coder-gwc-dev-rg",
            "subnet": [
              {
                "address_prefixes": [
                  "10.0.0.0/24"
                ],
                "default_outbound_access_enabled": false,
                "delegation": [],
                "id": "/subscriptions/6f81ef09-202c-4e6b-9f7c-1fff436c0fbf/resourceGroups/015124-coder-gwc-dev-rg/providers/Microsoft.Network/virtualNetworks/015124-coder-gwc-dev-vnet/subnets/015124-coder-gwc-dev-subnet",
                "name": "015124-coder-gwc-dev-subnet",
                "private_endpoint_network_policies": "Disabled",
                "private_link_service_network_policies_enabled": true,
                "route_table_id": "",
                "security_group": "",
                "service_endpoint_policy_ids": [],
                "service_endpoints": []
              }
            ],
            "tags": {},
            "timeouts": null
          },
          "sensitive_attributes": [],
          "identity_schema_version": 0,
          "private": "eyJlMmJmYjczMC1lY2FhLTExZTYtOGY4OC0zNDM2M2JjN2M0YzAiOnsiY3JlYXRlIjoxODAwMDAwMDAwMDAwLCJkZWxldGUiOjE4MDAwMDAwMDAwMDAsInJlYWQiOjMwMDAwMDAwMDAwMCwidXBkYXRlIjoxODAwMDAwMDAwMDAwfSwic2NoZW1hX3ZlcnNpb24iOiIwIn0="
        }
      ]
    },
    {
      "mode": "managed",
      "type": "azurerm_virtual_network_peering",
      "name": "res-7",
      "provider": "provider[\"registry.terraform.io/hashicorp/azurerm\"]",
      "instances": [
        {
          "schema_version": 0,
          "attributes": {
            "allow_forwarded_traffic": false,
            "allow_gateway_transit": false,
            "allow_virtual_network_access": true,
            "id": "/subscriptions/6f81ef09-202c-4e6b-9f7c-1fff436c0fbf/resourceGroups/015124-coder-gwc-dev-rg/providers/Microsoft.Network/virtualNetworks/015124-coder-gwc-dev-vnet/virtualNetworkPeerings/AppGWtoAKSVnetPeering",
            "local_subnet_names": [],
            "name": "AppGWtoAKSVnetPeering",
            "only_ipv6_peering_enabled": false,
            "peer_complete_virtual_networks_enabled": true,
            "remote_subnet_names": [],
            "remote_virtual_network_id": "/subscriptions/6f81ef09-202c-4e6b-9f7c-1fff436c0fbf/resourceGroups/MC_015124-coder-gwc-dev-rg_015124-coder-gwc-dev-aks_germanywestcentral/providers/Microsoft.Network/virtualNetworks/aks-vnet-14029748",
            "resource_group_name": "015124-coder-gwc-dev-rg",
            "timeouts": null,
            "triggers": null,
            "use_remote_gateways": false,
            "virtual_network_name": "015124-coder-gwc-dev-vnet"
          },
          "sensitive_attributes": [],
          "identity_schema_version": 0,
          "private": "eyJlMmJmYjczMC1lY2FhLTExZTYtOGY4OC0zNDM2M2JjN2M0YzAiOnsiY3JlYXRlIjoxODAwMDAwMDAwMDAwLCJkZWxldGUiOjE4MDAwMDAwMDAwMDAsInJlYWQiOjMwMDAwMDAwMDAwMCwidXBkYXRlIjoxODAwMDAwMDAwMDAwfSwic2NoZW1hX3ZlcnNpb24iOiIwIn0="
        }
      ]
    }
  ],
  "check_results": null
}
